
Microsoft Visual Studio Solution File, Format Version 12.00
# Visual Studio Version 16
VisualStudioVersion = 16.0.29009.5
MinimumVisualStudioVersion = 10.0.40219.1
Project("{FAE04EC0-301F-11D3-BF4B-00C04F79EFBC}") = "WorkerContract", "WorkerContract\WorkerContract.csproj", "{4CC00B0B-D625-4ED2-BF00-9A3B99A5547E}"
EndProject
Global
	GlobalSection(SolutionConfigurationPlatforms) = preSolution
		Debug|Any CPU = Debug|Any CPU
		Release|Any CPU = Release|Any CPU
	EndGlobalSection
	GlobalSection(ProjectConfigurationPlatforms) = postSolution
		{4CC00B0B-D625-4ED2-BF00-9A3B99A5547E}.Debug|Any CPU.ActiveCfg = Debug|Any CPU
		{4CC00B0B-D625-4ED2-BF00-9A3B99A5547E}.Debug|Any CPU.Build.0 = Debug|Any CPU
		{4CC00B0B-D625-4ED2-BF00-9A3B99A5547E}.Release|Any CPU.ActiveCfg = Release|Any CPU
		{4CC00B0B-D625-4ED2-BF00-9A3B99A5547E}.Release|Any CPU.Build.0 = Release|Any CPU
	EndGlobalSection
	GlobalSection(SolutionProperties) = preSolution
		HideSolutionNode = FALSE
	EndGlobalSection
	GlobalSection(ExtensibilityGlobals) = postSolution
		SolutionGuid = {E797DAFA-E591-47D7-A7EE-929643896206}
	EndGlobalSection
EndGlobal
