
Microsoft Visual Studio Solution File, Format Version 12.00
# Visual Studio Version 16
VisualStudioVersion = 16.0.29009.5
MinimumVisualStudioVersion = 10.0.40219.1
Project("{FAE04EC0-301F-11D3-BF4B-00C04F79EFBC}") = "ShapeAreas", "ShapeAreas\ShapeAreas.csproj", "{C97BD561-354D-4561-A60E-A9C15DC79BCC}"
EndProject
Global
	GlobalSection(SolutionConfigurationPlatforms) = preSolution
		Debug|Any CPU = Debug|Any CPU
		Release|Any CPU = Release|Any CPU
	EndGlobalSection
	GlobalSection(ProjectConfigurationPlatforms) = postSolution
		{C97BD561-354D-4561-A60E-A9C15DC79BCC}.Debug|Any CPU.ActiveCfg = Debug|Any CPU
		{C97BD561-354D-4561-A60E-A9C15DC79BCC}.Debug|Any CPU.Build.0 = Debug|Any CPU
		{C97BD561-354D-4561-A60E-A9C15DC79BCC}.Release|Any CPU.ActiveCfg = Release|Any CPU
		{C97BD561-354D-4561-A60E-A9C15DC79BCC}.Release|Any CPU.Build.0 = Release|Any CPU
	EndGlobalSection
	GlobalSection(SolutionProperties) = preSolution
		HideSolutionNode = FALSE
	EndGlobalSection
	GlobalSection(ExtensibilityGlobals) = postSolution
		SolutionGuid = {DE0AF532-0B95-474C-B489-07F701432417}
	EndGlobalSection
EndGlobal
